
Microsoft Visual Studio Solution File, Format Version 12.00
# Visual Studio Version 17
VisualStudioVersion = 17.8.34330.188
MinimumVisualStudioVersion = 10.0.40219.1
Project("{9A19103F-16F7-4668-BE54-9A1E7A4F7556}") = "WozDev.PowerShell.KnownFolders", "WozDev.PowerShell.KnownFolders\WozDev.PowerShell.KnownFolders.csproj", "{415126E9-7BBD-42CF-89E3-511E7F65829A}"
EndProject
Global
	GlobalSection(SolutionConfigurationPlatforms) = preSolution
		Debug|Any CPU = Debug|Any CPU
		Release|Any CPU = Release|Any CPU
	EndGlobalSection
	GlobalSection(ProjectConfigurationPlatforms) = postSolution
		{415126E9-7BBD-42CF-89E3-511E7F65829A}.Debug|Any CPU.ActiveCfg = Debug|Any CPU
		{415126E9-7BBD-42CF-89E3-511E7F65829A}.Debug|Any CPU.Build.0 = Debug|Any CPU
		{415126E9-7BBD-42CF-89E3-511E7F65829A}.Release|Any CPU.ActiveCfg = Release|Any CPU
		{415126E9-7BBD-42CF-89E3-511E7F65829A}.Release|Any CPU.Build.0 = Release|Any CPU
	EndGlobalSection
	GlobalSection(SolutionProperties) = preSolution
		HideSolutionNode = FALSE
	EndGlobalSection
	GlobalSection(ExtensibilityGlobals) = postSolution
		SolutionGuid = {191D665F-03A0-4388-82CC-CDAE3DCE77DC}
	EndGlobalSection
EndGlobal
